// !$*UTF8*$!
{
	archiveVersion = 1;
	classes = {
	};
	objectVersion = 46;
	objects = {

/* Begin PBXBuildFile section */
		0C0EAEF34D9CCACB4FF3628E /* tinyxmlerror.cpp in Sources */ = {isa = PBXBuildFile; fileRef = 74D8DD9C9A78173056DAAEC7 /* tinyxmlerror.cpp */; };
		0DC1CF18A3F90F627BA3E437 /* ofxBaseGui.cpp in Sources */ = {isa = PBXBuildFile; fileRef = 6B8CFAEAC0CF8932FB9DB320 /* ofxBaseGui.cpp */; };
		2A2BF7B31959E08800F28571 /* VizElement.cpp in Sources */ = {isa = PBXBuildFile; fileRef = 2A2BF7B11959E08800F28571 /* VizElement.cpp */; };
		2A2FFDC5194E254300301EA1 /* FullConeStrategy.cpp in Sources */ = {isa = PBXBuildFile; fileRef = 2A2FFDC3194E254300301EA1 /* FullConeStrategy.cpp */; };
		2A2FFDC8194E285600301EA1 /* AssociationCone.cpp in Sources */ = {isa = PBXBuildFile; fileRef = 2A2FFDC6194E285600301EA1 /* AssociationCone.cpp */; };
		2A6DA7FA193A403B0099CEF8 /* XCTest.framework in Frameworks */ = {isa = PBXBuildFile; fileRef = 2A6DA7F9193A403B0099CEF8 /* XCTest.framework */; };
		2A6DA800193A403B0099CEF8 /* InfoPlist.strings in Resources */ = {isa = PBXBuildFile; fileRef = 2A6DA7FE193A403B0099CEF8 /* InfoPlist.strings */; };
		2A6DA802193A403B0099CEF8 /* ConeVizOSX_Tests.m in Sources */ = {isa = PBXBuildFile; fileRef = 2A6DA801193A403B0099CEF8 /* ConeVizOSX_Tests.m */; };
		2ABBCD41193E1F6C000A74B3 /* DataParser.cpp in Sources */ = {isa = PBXBuildFile; fileRef = 2ABBCD3F193E1F6C000A74B3 /* DataParser.cpp */; };
		2ABBCD42193E1F6C000A74B3 /* DataParser.cpp in Sources */ = {isa = PBXBuildFile; fileRef = 2ABBCD3F193E1F6C000A74B3 /* DataParser.cpp */; };
		2ADC84E2197D20B300039FF0 /* Itemset.cpp in Sources */ = {isa = PBXBuildFile; fileRef = 2ADC84E0197D20B300039FF0 /* Itemset.cpp */; };
		42CF6FD907F23C302C140C66 /* ofxLabel.cpp in Sources */ = {isa = PBXBuildFile; fileRef = DC194728DB08A0D450E098C7 /* ofxLabel.cpp */; };
		7203B1EAA4DF1CECD791B1ED /* ofxGuiGroup.cpp in Sources */ = {isa = PBXBuildFile; fileRef = 6B6F5A1D014D2615F3CB45C7 /* ofxGuiGroup.cpp */; };
		745D9EA0809F01B67E3FD3B5 /* tinyxmlparser.cpp in Sources */ = {isa = PBXBuildFile; fileRef = E6BF806373C37F9033851016 /* tinyxmlparser.cpp */; };
		78D8E4B5788E32E7A57546BA /* ofxToggle.cpp in Sources */ = {isa = PBXBuildFile; fileRef = CE8835591B3B7E9C5B01C20F /* ofxToggle.cpp */; };
		94EF1894EA56BC98AC447B8C /* tinyxml.cpp in Sources */ = {isa = PBXBuildFile; fileRef = A5BDE67EB26ED929F9592A5F /* tinyxml.cpp */; };
		B005745B175965617EB22C83 /* ofxPanel.cpp in Sources */ = {isa = PBXBuildFile; fileRef = 9CA209607CA238C34FA82F34 /* ofxPanel.cpp */; };
		B08E91128721BE6CADCB5E66 /* ofxSlider.cpp in Sources */ = {isa = PBXBuildFile; fileRef = 572ABA7894BC39F7AFE24756 /* ofxSlider.cpp */; };
		BBAB23CB13894F3D00AA2426 /* GLUT.framework in CopyFiles */ = {isa = PBXBuildFile; fileRef = BBAB23BE13894E4700AA2426 /* GLUT.framework */; };
		D1A71DE6DDA700717A553096 /* ofxSliderGroup.cpp in Sources */ = {isa = PBXBuildFile; fileRef = 66F2939F6553982FF0283E90 /* ofxSliderGroup.cpp */; };
		D9E1C0817BEE36EB5F6CAA1E /* ofxXmlSettings.cpp in Sources */ = {isa = PBXBuildFile; fileRef = B510FEA32DA3C7F58C16FAD7 /* ofxXmlSettings.cpp */; };
		E4328149138ABC9F0047C5CB /* openFrameworksDebug.a in Frameworks */ = {isa = PBXBuildFile; fileRef = E4328148138ABC890047C5CB /* openFrameworksDebug.a */; };
		E45BE97B0E8CC7DD009D7055 /* AGL.framework in Frameworks */ = {isa = PBXBuildFile; fileRef = E45BE9710E8CC7DD009D7055 /* AGL.framework */; };
		E45BE97C0E8CC7DD009D7055 /* ApplicationServices.framework in Frameworks */ = {isa = PBXBuildFile; fileRef = E45BE9720E8CC7DD009D7055 /* ApplicationServices.framework */; };
		E45BE97D0E8CC7DD009D7055 /* AudioToolbox.framework in Frameworks */ = {isa = PBXBuildFile; fileRef = E45BE9730E8CC7DD009D7055 /* AudioToolbox.framework */; };
		E45BE97F0E8CC7DD009D7055 /* CoreAudio.framework in Frameworks */ = {isa = PBXBuildFile; fileRef = E45BE9750E8CC7DD009D7055 /* CoreAudio.framework */; };
		E45BE9800E8CC7DD009D7055 /* CoreFoundation.framework in Frameworks */ = {isa = PBXBuildFile; fileRef = E45BE9760E8CC7DD009D7055 /* CoreFoundation.framework */; };
		E45BE9810E8CC7DD009D7055 /* CoreServices.framework in Frameworks */ = {isa = PBXBuildFile; fileRef = E45BE9770E8CC7DD009D7055 /* CoreServices.framework */; };
		E45BE9830E8CC7DD009D7055 /* OpenGL.framework in Frameworks */ = {isa = PBXBuildFile; fileRef = E45BE9790E8CC7DD009D7055 /* OpenGL.framework */; };
		E45BE9840E8CC7DD009D7055 /* QuickTime.framework in Frameworks */ = {isa = PBXBuildFile; fileRef = E45BE97A0E8CC7DD009D7055 /* QuickTime.framework */; };
		E4B69E200A3A1BDC003C02F2 /* main.cpp in Sources */ = {isa = PBXBuildFile; fileRef = E4B69E1D0A3A1BDC003C02F2 /* main.cpp */; };
		E4B69E210A3A1BDC003C02F2 /* ofApp.cpp in Sources */ = {isa = PBXBuildFile; fileRef = E4B69E1E0A3A1BDC003C02F2 /* ofApp.cpp */; };
		E4C2424710CC5A17004149E2 /* AppKit.framework in Frameworks */ = {isa = PBXBuildFile; fileRef = E4C2424410CC5A17004149E2 /* AppKit.framework */; };
		E4C2424810CC5A17004149E2 /* Cocoa.framework in Frameworks */ = {isa = PBXBuildFile; fileRef = E4C2424510CC5A17004149E2 /* Cocoa.framework */; };
		E4C2424910CC5A17004149E2 /* IOKit.framework in Frameworks */ = {isa = PBXBuildFile; fileRef = E4C2424610CC5A17004149E2 /* IOKit.framework */; };
		E4EB6799138ADC1D00A09F29 /* GLUT.framework in Frameworks */ = {isa = PBXBuildFile; fileRef = BBAB23BE13894E4700AA2426 /* GLUT.framework */; };
		E7E077E515D3B63C0020DFD4 /* CoreVideo.framework in Frameworks */ = {isa = PBXBuildFile; fileRef = E7E077E415D3B63C0020DFD4 /* CoreVideo.framework */; };
		E7E077E815D3B6510020DFD4 /* QTKit.framework in Frameworks */ = {isa = PBXBuildFile; fileRef = E7E077E715D3B6510020DFD4 /* QTKit.framework */; };
		E7F985F815E0DEA3003869B5 /* Accelerate.framework in Frameworks */ = {isa = PBXBuildFile; fileRef = E7F985F515E0DE99003869B5 /* Accelerate.framework */; };
		FC1FCE097F7B7A03366E8F30 /* ofxButton.cpp in Sources */ = {isa = PBXBuildFile; fileRef = 63256244EACC1C82F19ED0D2 /* ofxButton.cpp */; };
/* End PBXBuildFile section */

/* Begin PBXContainerItemProxy section */
		2A6DA804193A403B0099CEF8 /* PBXContainerItemProxy */ = {
			isa = PBXContainerItemProxy;
			containerPortal = E4B69B4C0A3A1720003C02F2 /* Project object */;
			proxyType = 1;
			remoteGlobalIDString = E4B69B5A0A3A1756003C02F2;
			remoteInfo = ConeVizOSX;
		};
		E4328147138ABC890047C5CB /* PBXContainerItemProxy */ = {
			isa = PBXContainerItemProxy;
			containerPortal = E4328143138ABC890047C5CB /* openFrameworksLib.xcodeproj */;
			proxyType = 2;
			remoteGlobalIDString = E4B27C1510CBEB8E00536013;
			remoteInfo = openFrameworks;
		};
		E4EEB9AB138B136A00A80321 /* PBXContainerItemProxy */ = {
			isa = PBXContainerItemProxy;
			containerPortal = E4328143138ABC890047C5CB /* openFrameworksLib.xcodeproj */;
			proxyType = 1;
			remoteGlobalIDString = E4B27C1410CBEB8E00536013;
			remoteInfo = openFrameworks;
		};
/* End PBXContainerItemProxy section */

/* Begin PBXCopyFilesBuildPhase section */
		E4C2427710CC5ABF004149E2 /* CopyFiles */ = {
			isa = PBXCopyFilesBuildPhase;
			buildActionMask = 2147483647;
			dstPath = "";
			dstSubfolderSpec = 10;
			files = (
				BBAB23CB13894F3D00AA2426 /* GLUT.framework in CopyFiles */,
			);
			runOnlyForDeploymentPostprocessing = 0;
		};
/* End PBXCopyFilesBuildPhase section */

/* Begin PBXFileReference section */
		282EED1CEC916664BDB1F25D /* ofxButton.h */ = {isa = PBXFileReference; explicitFileType = sourcecode.c.h; fileEncoding = 30; name = ofxButton.h; path = ../OF_OS_X/addons/ofxGui/src/ofxButton.h; sourceTree = SOURCE_ROOT; };
		2A0D22B419476A22003BCEC8 /* ofxUI.h */ = {isa = PBXFileReference; fileEncoding = 4; lastKnownFileType = sourcecode.c.h; name = ofxUI.h; path = ../OF_OS_X/addons/ofxUI/ofxUI.h; sourceTree = "<group>"; };
		2A0D22B519476A22003BCEC8 /* ofxUI2DGraph.h */ = {isa = PBXFileReference; fileEncoding = 4; lastKnownFileType = sourcecode.c.h; name = ofxUI2DGraph.h; path = ../OF_OS_X/addons/ofxUI/ofxUI2DGraph.h; sourceTree = "<group>"; };
		2A0D22B619476A22003BCEC8 /* ofxUI2DPad.h */ = {isa = PBXFileReference; fileEncoding = 4; lastKnownFileType = sourcecode.c.h; name = ofxUI2DPad.h; path = ../OF_OS_X/addons/ofxUI/ofxUI2DPad.h; sourceTree = "<group>"; };
		2A0D22B719476A22003BCEC8 /* ofxUIBaseDraws.h */ = {isa = PBXFileReference; fileEncoding = 4; lastKnownFileType = sourcecode.c.h; name = ofxUIBaseDraws.h; path = ../OF_OS_X/addons/ofxUI/ofxUIBaseDraws.h; sourceTree = "<group>"; };
		2A0D22B819476A22003BCEC8 /* ofxUIBiLabelSlider.h */ = {isa = PBXFileReference; fileEncoding = 4; lastKnownFileType = sourcecode.c.h; name = ofxUIBiLabelSlider.h; path = ../OF_OS_X/addons/ofxUI/ofxUIBiLabelSlider.h; sourceTree = "<group>"; };
		2A0D22B919476A22003BCEC8 /* ofxUIButton.h */ = {isa = PBXFileReference; fileEncoding = 4; lastKnownFileType = sourcecode.c.h; name = ofxUIButton.h; path = ../OF_OS_X/addons/ofxUI/ofxUIButton.h; sourceTree = "<group>"; };
		2A0D22BA19476A22003BCEC8 /* ofxUICanvas.h */ = {isa = PBXFileReference; fileEncoding = 4; lastKnownFileType = sourcecode.c.h; name = ofxUICanvas.h; path = ../OF_OS_X/addons/ofxUI/ofxUICanvas.h; sourceTree = "<group>"; };
		2A0D22BB19476A22003BCEC8 /* ofxUICircleSlider.h */ = {isa = PBXFileReference; fileEncoding = 4; lastKnownFileType = sourcecode.c.h; name = ofxUICircleSlider.h; path = ../OF_OS_X/addons/ofxUI/ofxUICircleSlider.h; sourceTree = "<group>"; };
		2A0D22BC19476A22003BCEC8 /* ofxUICustomImageButton.h */ = {isa = PBXFileReference; fileEncoding = 4; lastKnownFileType = sourcecode.c.h; name = ofxUICustomImageButton.h; path = ../OF_OS_X/addons/ofxUI/ofxUICustomImageButton.h; sourceTree = "<group>"; };
		2A0D22BD19476A22003BCEC8 /* ofxUIDropDownList.h */ = {isa = PBXFileReference; fileEncoding = 4; lastKnownFileType = sourcecode.c.h; name = ofxUIDropDownList.h; path = ../OF_OS_X/addons/ofxUI/ofxUIDropDownList.h; sourceTree = "<group>"; };
		2A0D22BE19476A22003BCEC8 /* ofxUIEventArgs.h */ = {isa = PBXFileReference; fileEncoding = 4; lastKnownFileType = sourcecode.c.h; name = ofxUIEventArgs.h; path = ../OF_OS_X/addons/ofxUI/ofxUIEventArgs.h; sourceTree = "<group>"; };
		2A0D22BF19476A22003BCEC8 /* ofxUIFPS.h */ = {isa = PBXFileReference; fileEncoding = 4; lastKnownFileType = sourcecode.c.h; name = ofxUIFPS.h; path = ../OF_OS_X/addons/ofxUI/ofxUIFPS.h; sourceTree = "<group>"; };
		2A0D22C019476A22003BCEC8 /* ofxUIFPSSlider.h */ = {isa = PBXFileReference; fileEncoding = 4; lastKnownFileType = sourcecode.c.h; name = ofxUIFPSSlider.h; path = ../OF_OS_X/addons/ofxUI/ofxUIFPSSlider.h; sourceTree = "<group>"; };
		2A0D22C119476A22003BCEC8 /* ofxUIImage.h */ = {isa = PBXFileReference; fileEncoding = 4; lastKnownFileType = sourcecode.c.h; name = ofxUIImage.h; path = ../OF_OS_X/addons/ofxUI/ofxUIImage.h; sourceTree = "<group>"; };
		2A0D22C219476A22003BCEC8 /* ofxUIImageButton.h */ = {isa = PBXFileReference; fileEncoding = 4; lastKnownFileType = sourcecode.c.h; name = ofxUIImageButton.h; path = ../OF_OS_X/addons/ofxUI/ofxUIImageButton.h; sourceTree = "<group>"; };
		2A0D22C319476A22003BCEC8 /* ofxUIImageSampler.h */ = {isa = PBXFileReference; fileEncoding = 4; lastKnownFileType = sourcecode.c.h; name = ofxUIImageSampler.h; path = ../OF_OS_X/addons/ofxUI/ofxUIImageSampler.h; sourceTree = "<group>"; };
		2A0D22C419476A22003BCEC8 /* ofxUIImageSlider.h */ = {isa = PBXFileReference; fileEncoding = 4; lastKnownFileType = sourcecode.c.h; name = ofxUIImageSlider.h; path = ../OF_OS_X/addons/ofxUI/ofxUIImageSlider.h; sourceTree = "<group>"; };
		2A0D22C519476A22003BCEC8 /* ofxUIImageToggle.h */ = {isa = PBXFileReference; fileEncoding = 4; lastKnownFileType = sourcecode.c.h; name = ofxUIImageToggle.h; path = ../OF_OS_X/addons/ofxUI/ofxUIImageToggle.h; sourceTree = "<group>"; };
		2A0D22C619476A22003BCEC8 /* ofxUIIntSlider.h */ = {isa = PBXFileReference; fileEncoding = 4; lastKnownFileType = sourcecode.c.h; name = ofxUIIntSlider.h; path = ../OF_OS_X/addons/ofxUI/ofxUIIntSlider.h; sourceTree = "<group>"; };
		2A0D22C719476A22003BCEC8 /* ofxUILabel.h */ = {isa = PBXFileReference; fileEncoding = 4; lastKnownFileType = sourcecode.c.h; name = ofxUILabel.h; path = ../OF_OS_X/addons/ofxUI/ofxUILabel.h; sourceTree = "<group>"; };
		2A0D22C819476A22003BCEC8 /* ofxUILabelButton.h */ = {isa = PBXFileReference; fileEncoding = 4; lastKnownFileType = sourcecode.c.h; name = ofxUILabelButton.h; path = ../OF_OS_X/addons/ofxUI/ofxUILabelButton.h; sourceTree = "<group>"; };
		2A0D22C919476A22003BCEC8 /* ofxUILabelToggle.h */ = {isa = PBXFileReference; fileEncoding = 4; lastKnownFileType = sourcecode.c.h; name = ofxUILabelToggle.h; path = ../OF_OS_X/addons/ofxUI/ofxUILabelToggle.h; sourceTree = "<group>"; };
		2A0D22CA19476A22003BCEC8 /* ofxUIMinimalSlider.h */ = {isa = PBXFileReference; fileEncoding = 4; lastKnownFileType = sourcecode.c.h; name = ofxUIMinimalSlider.h; path = ../OF_OS_X/addons/ofxUI/ofxUIMinimalSlider.h; sourceTree = "<group>"; };
		2A0D22CB19476A22003BCEC8 /* ofxUIMovingGraph.h */ = {isa = PBXFileReference; fileEncoding = 4; lastKnownFileType = sourcecode.c.h; name = ofxUIMovingGraph.h; path = ../OF_OS_X/addons/ofxUI/ofxUIMovingGraph.h; sourceTree = "<group>"; };
		2A0D22CC19476A22003BCEC8 /* ofxUIMultiImageButton.h */ = {isa = PBXFileReference; fileEncoding = 4; lastKnownFileType = sourcecode.c.h; name = ofxUIMultiImageButton.h; path = ../OF_OS_X/addons/ofxUI/ofxUIMultiImageButton.h; sourceTree = "<group>"; };
		2A0D22CD19476A22003BCEC8 /* ofxUIMultiImageSlider.h */ = {isa = PBXFileReference; fileEncoding = 4; lastKnownFileType = sourcecode.c.h; name = ofxUIMultiImageSlider.h; path = ../OF_OS_X/addons/ofxUI/ofxUIMultiImageSlider.h; sourceTree = "<group>"; };
		2A0D22CE19476A22003BCEC8 /* ofxUIMultiImageToggle.h */ = {isa = PBXFileReference; fileEncoding = 4; lastKnownFileType = sourcecode.c.h; name = ofxUIMultiImageToggle.h; path = ../OF_OS_X/addons/ofxUI/ofxUIMultiImageToggle.h; sourceTree = "<group>"; };
		2A0D22CF19476A22003BCEC8 /* ofxUINumberDialer.h */ = {isa = PBXFileReference; fileEncoding = 4; lastKnownFileType = sourcecode.c.h; name = ofxUINumberDialer.h; path = ../OF_OS_X/addons/ofxUI/ofxUINumberDialer.h; sourceTree = "<group>"; };
		2A0D22D019476A22003BCEC8 /* ofxUIOFWrapper.h */ = {isa = PBXFileReference; fileEncoding = 4; lastKnownFileType = sourcecode.c.h; name = ofxUIOFWrapper.h; path = ../OF_OS_X/addons/ofxUI/ofxUIOFWrapper.h; sourceTree = "<group>"; };
		2A0D22D119476A22003BCEC8 /* ofxUIRadio.h */ = {isa = PBXFileReference; fileEncoding = 4; lastKnownFileType = sourcecode.c.h; name = ofxUIRadio.h; path = ../OF_OS_X/addons/ofxUI/ofxUIRadio.h; sourceTree = "<group>"; };
		2A0D22D219476A22003BCEC8 /* ofxUIRangeSlider.h */ = {isa = PBXFileReference; fileEncoding = 4; lastKnownFileType = sourcecode.c.h; name = ofxUIRangeSlider.h; path = ../OF_OS_X/addons/ofxUI/ofxUIRangeSlider.h; sourceTree = "<group>"; };
		2A0D22D319476A22003BCEC8 /* ofxUIRectangle.h */ = {isa = PBXFileReference; fileEncoding = 4; lastKnownFileType = sourcecode.c.h; name = ofxUIRectangle.h; path = ../OF_OS_X/addons/ofxUI/ofxUIRectangle.h; sourceTree = "<group>"; };
		2A0D22D419476A22003BCEC8 /* ofxUIRotarySlider.h */ = {isa = PBXFileReference; fileEncoding = 4; lastKnownFileType = sourcecode.c.h; name = ofxUIRotarySlider.h; path = ../OF_OS_X/addons/ofxUI/ofxUIRotarySlider.h; sourceTree = "<group>"; };
		2A0D22D519476A22003BCEC8 /* ofxUIScrollableCanvas.h */ = {isa = PBXFileReference; fileEncoding = 4; lastKnownFileType = sourcecode.c.h; name = ofxUIScrollableCanvas.h; path = ../OF_OS_X/addons/ofxUI/ofxUIScrollableCanvas.h; sourceTree = "<group>"; };
		2A0D22D619476A22003BCEC8 /* ofxUISlider.h */ = {isa = PBXFileReference; fileEncoding = 4; lastKnownFileType = sourcecode.c.h; name = ofxUISlider.h; path = ../OF_OS_X/addons/ofxUI/ofxUISlider.h; sourceTree = "<group>"; };
		2A0D22D719476A22003BCEC8 /* ofxUISpacer.h */ = {isa = PBXFileReference; fileEncoding = 4; lastKnownFileType = sourcecode.c.h; name = ofxUISpacer.h; path = ../OF_OS_X/addons/ofxUI/ofxUISpacer.h; sourceTree = "<group>"; };
		2A0D22D819476A22003BCEC8 /* ofxUISpectrum.h */ = {isa = PBXFileReference; fileEncoding = 4; lastKnownFileType = sourcecode.c.h; name = ofxUISpectrum.h; path = ../OF_OS_X/addons/ofxUI/ofxUISpectrum.h; sourceTree = "<group>"; };
		2A0D22D919476A22003BCEC8 /* ofxUISuperCanvas.h */ = {isa = PBXFileReference; fileEncoding = 4; lastKnownFileType = sourcecode.c.h; name = ofxUISuperCanvas.h; path = ../OF_OS_X/addons/ofxUI/ofxUISuperCanvas.h; sourceTree = "<group>"; };
		2A0D22DA19476A22003BCEC8 /* ofxUITabBar.h */ = {isa = PBXFileReference; fileEncoding = 4; lastKnownFileType = sourcecode.c.h; name = ofxUITabBar.h; path = ../OF_OS_X/addons/ofxUI/ofxUITabBar.h; sourceTree = "<group>"; };
		2A0D22DB19476A22003BCEC8 /* ofxUITextArea.h */ = {isa = PBXFileReference; fileEncoding = 4; lastKnownFileType = sourcecode.c.h; name = ofxUITextArea.h; path = ../OF_OS_X/addons/ofxUI/ofxUITextArea.h; sourceTree = "<group>"; };
		2A0D22DC19476A22003BCEC8 /* ofxUITextInput.h */ = {isa = PBXFileReference; fileEncoding = 4; lastKnownFileType = sourcecode.c.h; name = ofxUITextInput.h; path = ../OF_OS_X/addons/ofxUI/ofxUITextInput.h; sourceTree = "<group>"; };
		2A0D22DD19476A22003BCEC8 /* ofxUIToggle.h */ = {isa = PBXFileReference; fileEncoding = 4; lastKnownFileType = sourcecode.c.h; name = ofxUIToggle.h; path = ../OF_OS_X/addons/ofxUI/ofxUIToggle.h; sourceTree = "<group>"; };
		2A0D22DE19476A22003BCEC8 /* ofxUIToggleMatrix.h */ = {isa = PBXFileReference; fileEncoding = 4; lastKnownFileType = sourcecode.c.h; name = ofxUIToggleMatrix.h; path = ../OF_OS_X/addons/ofxUI/ofxUIToggleMatrix.h; sourceTree = "<group>"; };
		2A0D22DF19476A22003BCEC8 /* ofxUIUtils.h */ = {isa = PBXFileReference; fileEncoding = 4; lastKnownFileType = sourcecode.c.h; name = ofxUIUtils.h; path = ../OF_OS_X/addons/ofxUI/ofxUIUtils.h; sourceTree = "<group>"; };
		2A0D22E019476A22003BCEC8 /* ofxUIValuePlotter.h */ = {isa = PBXFileReference; fileEncoding = 4; lastKnownFileType = sourcecode.c.h; name = ofxUIValuePlotter.h; path = ../OF_OS_X/addons/ofxUI/ofxUIValuePlotter.h; sourceTree = "<group>"; };
		2A0D22E119476A22003BCEC8 /* ofxUIWaveform.h */ = {isa = PBXFileReference; fileEncoding = 4; lastKnownFileType = sourcecode.c.h; name = ofxUIWaveform.h; path = ../OF_OS_X/addons/ofxUI/ofxUIWaveform.h; sourceTree = "<group>"; };
		2A0D22E219476A22003BCEC8 /* ofxUIWidget.h */ = {isa = PBXFileReference; fileEncoding = 4; lastKnownFileType = sourcecode.c.h; name = ofxUIWidget.h; path = ../OF_OS_X/addons/ofxUI/ofxUIWidget.h; sourceTree = "<group>"; };
		2A0D22E319476A22003BCEC8 /* ofxUIWidgetWithLabel.h */ = {isa = PBXFileReference; fileEncoding = 4; lastKnownFileType = sourcecode.c.h; name = ofxUIWidgetWithLabel.h; path = ../OF_OS_X/addons/ofxUI/ofxUIWidgetWithLabel.h; sourceTree = "<group>"; };
		2A2BF7B11959E08800F28571 /* VizElement.cpp */ = {isa = PBXFileReference; fileEncoding = 4; lastKnownFileType = sourcecode.cpp.cpp; path = VizElement.cpp; sourceTree = "<group>"; };
		2A2BF7B21959E08800F28571 /* VizElement.h */ = {isa = PBXFileReference; fileEncoding = 4; lastKnownFileType = sourcecode.c.h; path = VizElement.h; sourceTree = "<group>"; };
		2A2FFDC3194E254300301EA1 /* FullConeStrategy.cpp */ = {isa = PBXFileReference; fileEncoding = 4; lastKnownFileType = sourcecode.cpp.cpp; path = FullConeStrategy.cpp; sourceTree = "<group>"; };
		2A2FFDC4194E254300301EA1 /* FullConeStrategy.h */ = {isa = PBXFileReference; fileEncoding = 4; lastKnownFileType = sourcecode.c.h; path = FullConeStrategy.h; sourceTree = "<group>"; };
		2A2FFDC6194E285600301EA1 /* AssociationCone.cpp */ = {isa = PBXFileReference; fileEncoding = 4; lastKnownFileType = sourcecode.cpp.cpp; path = AssociationCone.cpp; sourceTree = "<group>"; };
		2A2FFDC7194E285600301EA1 /* AssociationCone.h */ = {isa = PBXFileReference; fileEncoding = 4; lastKnownFileType = sourcecode.c.h; path = AssociationCone.h; sourceTree = "<group>"; };
		2A34046C194644AA00E8D72B /* ConeVizOSX Tests.xctest */ = {isa = PBXFileReference; explicitFileType = wrapper.cfbundle; includeInIndex = 0; path = "ConeVizOSX Tests.xctest"; sourceTree = BUILT_PRODUCTS_DIR; };
		2A40A7A8194D4BD1000F2EBB /* Strategy.h */ = {isa = PBXFileReference; fileEncoding = 4; lastKnownFileType = sourcecode.c.h; path = Strategy.h; sourceTree = "<group>"; };
		2A6DA7F9193A403B0099CEF8 /* XCTest.framework */ = {isa = PBXFileReference; lastKnownFileType = wrapper.framework; name = XCTest.framework; path = Library/Frameworks/XCTest.framework; sourceTree = DEVELOPER_DIR; };
		2A6DA7FD193A403B0099CEF8 /* ConeVizOSX Tests-Info.plist */ = {isa = PBXFileReference; lastKnownFileType = text.plist.xml; path = "ConeVizOSX Tests-Info.plist"; sourceTree = "<group>"; };
		2A6DA7FF193A403B0099CEF8 /* en */ = {isa = PBXFileReference; lastKnownFileType = text.plist.strings; name = en; path = en.lproj/InfoPlist.strings; sourceTree = "<group>"; };
		2A6DA801193A403B0099CEF8 /* ConeVizOSX_Tests.m */ = {isa = PBXFileReference; lastKnownFileType = sourcecode.c.objc; path = ConeVizOSX_Tests.m; sourceTree = "<group>"; };
		2A6DA803193A403B0099CEF8 /* ConeVizOSX Tests-Prefix.pch */ = {isa = PBXFileReference; lastKnownFileType = sourcecode.c.h; path = "ConeVizOSX Tests-Prefix.pch"; sourceTree = "<group>"; };
		2ABBCD3F193E1F6C000A74B3 /* DataParser.cpp */ = {isa = PBXFileReference; fileEncoding = 4; lastKnownFileType = sourcecode.cpp.cpp; path = DataParser.cpp; sourceTree = "<group>"; };
		2ABBCD40193E1F6C000A74B3 /* DataParser.h */ = {isa = PBXFileReference; fileEncoding = 4; lastKnownFileType = sourcecode.c.h; path = DataParser.h; sourceTree = "<group>"; };
		2ADC84E0197D20B300039FF0 /* Itemset.cpp */ = {isa = PBXFileReference; fileEncoding = 4; lastKnownFileType = sourcecode.cpp.cpp; path = Itemset.cpp; sourceTree = "<group>"; };
		2ADC84E1197D20B300039FF0 /* Itemset.h */ = {isa = PBXFileReference; fileEncoding = 4; lastKnownFileType = sourcecode.c.h; path = Itemset.h; sourceTree = "<group>"; };
		331EA70BD75988D7F5C478DD /* ofxBaseGui.h */ = {isa = PBXFileReference; explicitFileType = sourcecode.c.h; fileEncoding = 30; name = ofxBaseGui.h; path = ../OF_OS_X/addons/ofxGui/src/ofxBaseGui.h; sourceTree = SOURCE_ROOT; };
		572ABA7894BC39F7AFE24756 /* ofxSlider.cpp */ = {isa = PBXFileReference; explicitFileType = sourcecode.cpp.cpp; fileEncoding = 30; name = ofxSlider.cpp; path = ../OF_OS_X/addons/ofxGui/src/ofxSlider.cpp; sourceTree = SOURCE_ROOT; };
		63256244EACC1C82F19ED0D2 /* ofxButton.cpp */ = {isa = PBXFileReference; explicitFileType = sourcecode.cpp.cpp; fileEncoding = 30; name = ofxButton.cpp; path = ../OF_OS_X/addons/ofxGui/src/ofxButton.cpp; sourceTree = SOURCE_ROOT; };
		66F2939F6553982FF0283E90 /* ofxSliderGroup.cpp */ = {isa = PBXFileReference; explicitFileType = sourcecode.cpp.cpp; fileEncoding = 30; name = ofxSliderGroup.cpp; path = ../OF_OS_X/addons/ofxGui/src/ofxSliderGroup.cpp; sourceTree = SOURCE_ROOT; };
		6B6F5A1D014D2615F3CB45C7 /* ofxGuiGroup.cpp */ = {isa = PBXFileReference; explicitFileType = sourcecode.cpp.cpp; fileEncoding = 30; name = ofxGuiGroup.cpp; path = ../OF_OS_X/addons/ofxGui/src/ofxGuiGroup.cpp; sourceTree = SOURCE_ROOT; };
		6B8CFAEAC0CF8932FB9DB320 /* ofxBaseGui.cpp */ = {isa = PBXFileReference; explicitFileType = sourcecode.cpp.cpp; fileEncoding = 30; name = ofxBaseGui.cpp; path = ../OF_OS_X/addons/ofxGui/src/ofxBaseGui.cpp; sourceTree = SOURCE_ROOT; };
		74D8DD9C9A78173056DAAEC7 /* tinyxmlerror.cpp */ = {isa = PBXFileReference; explicitFileType = sourcecode.cpp.cpp; fileEncoding = 30; name = tinyxmlerror.cpp; path = ../OF_OS_X/addons/ofxXmlSettings/libs/tinyxmlerror.cpp; sourceTree = SOURCE_ROOT; };
		817E8E1F62728ADE5B1E6E51 /* ofxXmlSettings.h */ = {isa = PBXFileReference; explicitFileType = sourcecode.c.h; fileEncoding = 30; name = ofxXmlSettings.h; path = ../OF_OS_X/addons/ofxXmlSettings/src/ofxXmlSettings.h; sourceTree = SOURCE_ROOT; };
		882FD8A6481CE1B87CA10111 /* ofxToggle.h */ = {isa = PBXFileReference; explicitFileType = sourcecode.c.h; fileEncoding = 30; name = ofxToggle.h; path = ../OF_OS_X/addons/ofxGui/src/ofxToggle.h; sourceTree = SOURCE_ROOT; };
		8909330FCE1409E2576261BA /* ofxSlider.h */ = {isa = PBXFileReference; explicitFileType = sourcecode.c.h; fileEncoding = 30; name = ofxSlider.h; path = ../OF_OS_X/addons/ofxGui/src/ofxSlider.h; sourceTree = SOURCE_ROOT; };
		9CA209607CA238C34FA82F34 /* ofxPanel.cpp */ = {isa = PBXFileReference; explicitFileType = sourcecode.cpp.cpp; fileEncoding = 30; name = ofxPanel.cpp; path = ../OF_OS_X/addons/ofxGui/src/ofxPanel.cpp; sourceTree = SOURCE_ROOT; };
		A5BDE67EB26ED929F9592A5F /* tinyxml.cpp */ = {isa = PBXFileReference; explicitFileType = sourcecode.cpp.cpp; fileEncoding = 30; name = tinyxml.cpp; path = ../OF_OS_X/addons/ofxXmlSettings/libs/tinyxml.cpp; sourceTree = SOURCE_ROOT; };
		AB8789BB3ED7EFB9218A8AC8 /* tinyxml.h */ = {isa = PBXFileReference; explicitFileType = sourcecode.c.h; fileEncoding = 30; name = tinyxml.h; path = ../OF_OS_X/addons/ofxXmlSettings/libs/tinyxml.h; sourceTree = SOURCE_ROOT; };
		B510FEA32DA3C7F58C16FAD7 /* ofxXmlSettings.cpp */ = {isa = PBXFileReference; explicitFileType = sourcecode.cpp.cpp; fileEncoding = 30; name = ofxXmlSettings.cpp; path = ../OF_OS_X/addons/ofxXmlSettings/src/ofxXmlSettings.cpp; sourceTree = SOURCE_ROOT; };
		BBAB23BE13894E4700AA2426 /* GLUT.framework */ = {isa = PBXFileReference; lastKnownFileType = wrapper.framework; name = GLUT.framework; path = ../OF_OS_X/libs/glut/lib/osx/GLUT.framework; sourceTree = "<group>"; };
		C6BE49B16BB8A792C5CF78F8 /* ofxSliderGroup.h */ = {isa = PBXFileReference; explicitFileType = sourcecode.c.h; fileEncoding = 30; name = ofxSliderGroup.h; path = ../OF_OS_X/addons/ofxGui/src/ofxSliderGroup.h; sourceTree = SOURCE_ROOT; };
		CE8835591B3B7E9C5B01C20F /* ofxToggle.cpp */ = {isa = PBXFileReference; explicitFileType = sourcecode.cpp.cpp; fileEncoding = 30; name = ofxToggle.cpp; path = ../OF_OS_X/addons/ofxGui/src/ofxToggle.cpp; sourceTree = SOURCE_ROOT; };
		D0191E06B53ADAFBDAD2931D /* ofxGui.h */ = {isa = PBXFileReference; explicitFileType = sourcecode.c.h; fileEncoding = 30; name = ofxGui.h; path = ../OF_OS_X/addons/ofxGui/src/ofxGui.h; sourceTree = SOURCE_ROOT; };
		DC194728DB08A0D450E098C7 /* ofxLabel.cpp */ = {isa = PBXFileReference; explicitFileType = sourcecode.cpp.cpp; fileEncoding = 30; name = ofxLabel.cpp; path = ../OF_OS_X/addons/ofxGui/src/ofxLabel.cpp; sourceTree = SOURCE_ROOT; };
		E4328143138ABC890047C5CB /* openFrameworksLib.xcodeproj */ = {isa = PBXFileReference; lastKnownFileType = "wrapper.pb-project"; name = openFrameworksLib.xcodeproj; path = ../OF_OS_X/libs/openFrameworksCompiled/project/osx/openFrameworksLib.xcodeproj; sourceTree = SOURCE_ROOT; };
		E45BE9710E8CC7DD009D7055 /* AGL.framework */ = {isa = PBXFileReference; lastKnownFileType = wrapper.framework; name = AGL.framework; path = /System/Library/Frameworks/AGL.framework; sourceTree = "<absolute>"; };
		E45BE9720E8CC7DD009D7055 /* ApplicationServices.framework */ = {isa = PBXFileReference; lastKnownFileType = wrapper.framework; name = ApplicationServices.framework; path = /System/Library/Frameworks/ApplicationServices.framework; sourceTree = "<absolute>"; };
		E45BE9730E8CC7DD009D7055 /* AudioToolbox.framework */ = {isa = PBXFileReference; lastKnownFileType = wrapper.framework; name = AudioToolbox.framework; path = /System/Library/Frameworks/AudioToolbox.framework; sourceTree = "<absolute>"; };
		E45BE9750E8CC7DD009D7055 /* CoreAudio.framework */ = {isa = PBXFileReference; lastKnownFileType = wrapper.framework; name = CoreAudio.framework; path = /System/Library/Frameworks/CoreAudio.framework; sourceTree = "<absolute>"; };
		E45BE9760E8CC7DD009D7055 /* CoreFoundation.framework */ = {isa = PBXFileReference; lastKnownFileType = wrapper.framework; name = CoreFoundation.framework; path = /System/Library/Frameworks/CoreFoundation.framework; sourceTree = "<absolute>"; };
		E45BE9770E8CC7DD009D7055 /* CoreServices.framework */ = {isa = PBXFileReference; lastKnownFileType = wrapper.framework; name = CoreServices.framework; path = /System/Library/Frameworks/CoreServices.framework; sourceTree = "<absolute>"; };
		E45BE9790E8CC7DD009D7055 /* OpenGL.framework */ = {isa = PBXFileReference; lastKnownFileType = wrapper.framework; name = OpenGL.framework; path = /System/Library/Frameworks/OpenGL.framework; sourceTree = "<absolute>"; };
		E45BE97A0E8CC7DD009D7055 /* QuickTime.framework */ = {isa = PBXFileReference; lastKnownFileType = wrapper.framework; name = QuickTime.framework; path = /System/Library/Frameworks/QuickTime.framework; sourceTree = "<absolute>"; };
		E4B69B5B0A3A1756003C02F2 /* ConeVizOSXDebug.app */ = {isa = PBXFileReference; explicitFileType = wrapper.application; includeInIndex = 0; path = ConeVizOSXDebug.app; sourceTree = BUILT_PRODUCTS_DIR; };
		E4B69E1D0A3A1BDC003C02F2 /* main.cpp */ = {isa = PBXFileReference; fileEncoding = 30; lastKnownFileType = sourcecode.cpp.cpp; name = main.cpp; path = src/main.cpp; sourceTree = SOURCE_ROOT; };
		E4B69E1E0A3A1BDC003C02F2 /* ofApp.cpp */ = {isa = PBXFileReference; explicitFileType = sourcecode.cpp.cpp; fileEncoding = 4; name = ofApp.cpp; path = src/ofApp.cpp; sourceTree = SOURCE_ROOT; };
		E4B69E1F0A3A1BDC003C02F2 /* ofApp.h */ = {isa = PBXFileReference; fileEncoding = 30; lastKnownFileType = sourcecode.c.h; name = ofApp.h; path = src/ofApp.h; sourceTree = SOURCE_ROOT; };
		E4B6FCAD0C3E899E008CF71C /* openFrameworks-Info.plist */ = {isa = PBXFileReference; fileEncoding = 30; lastKnownFileType = text.plist.xml; path = "openFrameworks-Info.plist"; sourceTree = "<group>"; };
		E4C2424410CC5A17004149E2 /* AppKit.framework */ = {isa = PBXFileReference; lastKnownFileType = wrapper.framework; name = AppKit.framework; path = /System/Library/Frameworks/AppKit.framework; sourceTree = "<absolute>"; };
		E4C2424510CC5A17004149E2 /* Cocoa.framework */ = {isa = PBXFileReference; lastKnownFileType = wrapper.framework; name = Cocoa.framework; path = /System/Library/Frameworks/Cocoa.framework; sourceTree = "<absolute>"; };
		E4C2424610CC5A17004149E2 /* IOKit.framework */ = {isa = PBXFileReference; lastKnownFileType = wrapper.framework; name = IOKit.framework; path = /System/Library/Frameworks/IOKit.framework; sourceTree = "<absolute>"; };
		E4EB691F138AFCF100A09F29 /* CoreOF.xcconfig */ = {isa = PBXFileReference; fileEncoding = 4; lastKnownFileType = text.xcconfig; name = CoreOF.xcconfig; path = ../OF_OS_X/libs/openFrameworksCompiled/project/osx/CoreOF.xcconfig; sourceTree = SOURCE_ROOT; };
		E4EB6923138AFD0F00A09F29 /* Project.xcconfig */ = {isa = PBXFileReference; fileEncoding = 4; lastKnownFileType = text.xcconfig; path = Project.xcconfig; sourceTree = "<group>"; };
		E6BF806373C37F9033851016 /* tinyxmlparser.cpp */ = {isa = PBXFileReference; explicitFileType = sourcecode.cpp.cpp; fileEncoding = 30; name = tinyxmlparser.cpp; path = ../OF_OS_X/addons/ofxXmlSettings/libs/tinyxmlparser.cpp; sourceTree = SOURCE_ROOT; };
		E7E077E415D3B63C0020DFD4 /* CoreVideo.framework */ = {isa = PBXFileReference; lastKnownFileType = wrapper.framework; name = CoreVideo.framework; path = /System/Library/Frameworks/CoreVideo.framework; sourceTree = "<absolute>"; };
		E7E077E715D3B6510020DFD4 /* QTKit.framework */ = {isa = PBXFileReference; lastKnownFileType = wrapper.framework; name = QTKit.framework; path = /System/Library/Frameworks/QTKit.framework; sourceTree = "<absolute>"; };
		E7F985F515E0DE99003869B5 /* Accelerate.framework */ = {isa = PBXFileReference; lastKnownFileType = wrapper.framework; name = Accelerate.framework; path = /System/Library/Frameworks/Accelerate.framework; sourceTree = "<absolute>"; };
		EA8C63DF99D0A9DD9469E90C /* ofxLabel.h */ = {isa = PBXFileReference; explicitFileType = sourcecode.c.h; fileEncoding = 30; name = ofxLabel.h; path = ../OF_OS_X/addons/ofxGui/src/ofxLabel.h; sourceTree = SOURCE_ROOT; };
		F11353757B989A3B84852A30 /* ofxGuiGroup.h */ = {isa = PBXFileReference; explicitFileType = sourcecode.c.h; fileEncoding = 30; name = ofxGuiGroup.h; path = ../OF_OS_X/addons/ofxGui/src/ofxGuiGroup.h; sourceTree = SOURCE_ROOT; };
		F7B9429C1EF4986FA9C8551E /* ofxPanel.h */ = {isa = PBXFileReference; explicitFileType = sourcecode.c.h; fileEncoding = 30; name = ofxPanel.h; path = ../OF_OS_X/addons/ofxGui/src/ofxPanel.h; sourceTree = SOURCE_ROOT; };
/* End PBXFileReference section */

/* Begin PBXFrameworksBuildPhase section */
		2A6DA7F4193A403B0099CEF8 /* Frameworks */ = {
			isa = PBXFrameworksBuildPhase;
			buildActionMask = 2147483647;
			files = (
				2A6DA7FA193A403B0099CEF8 /* XCTest.framework in Frameworks */,
			);
			runOnlyForDeploymentPostprocessing = 0;
		};
		E4B69B590A3A1756003C02F2 /* Frameworks */ = {
			isa = PBXFrameworksBuildPhase;
			buildActionMask = 2147483647;
			files = (
				E7F985F815E0DEA3003869B5 /* Accelerate.framework in Frameworks */,
				E7E077E815D3B6510020DFD4 /* QTKit.framework in Frameworks */,
				E4EB6799138ADC1D00A09F29 /* GLUT.framework in Frameworks */,
				E4328149138ABC9F0047C5CB /* openFrameworksDebug.a in Frameworks */,
				E45BE97B0E8CC7DD009D7055 /* AGL.framework in Frameworks */,
				E45BE97C0E8CC7DD009D7055 /* ApplicationServices.framework in Frameworks */,
				E45BE97D0E8CC7DD009D7055 /* AudioToolbox.framework in Frameworks */,
				E45BE97F0E8CC7DD009D7055 /* CoreAudio.framework in Frameworks */,
				E45BE9800E8CC7DD009D7055 /* CoreFoundation.framework in Frameworks */,
				E45BE9810E8CC7DD009D7055 /* CoreServices.framework in Frameworks */,
				E45BE9830E8CC7DD009D7055 /* OpenGL.framework in Frameworks */,
				E45BE9840E8CC7DD009D7055 /* QuickTime.framework in Frameworks */,
				E4C2424710CC5A17004149E2 /* AppKit.framework in Frameworks */,
				E4C2424810CC5A17004149E2 /* Cocoa.framework in Frameworks */,
				E4C2424910CC5A17004149E2 /* IOKit.framework in Frameworks */,
				E7E077E515D3B63C0020DFD4 /* CoreVideo.framework in Frameworks */,
			);
			runOnlyForDeploymentPostprocessing = 0;
		};
/* End PBXFrameworksBuildPhase section */

/* Begin PBXGroup section */
		1F4FB5C423662B96ADFDCC0B /* ofxXmlSettings */ = {
			isa = PBXGroup;
			children = (
				6ECEF0D76BC33727823EADFF /* src */,
				6E54289412D2D94F45A05113 /* libs */,
			);
			name = ofxXmlSettings;
			sourceTree = "<group>";
		};
		2A0D22B319476A0A003BCEC8 /* ofxUI */ = {
			isa = PBXGroup;
			children = (
				2A0D22B419476A22003BCEC8 /* ofxUI.h */,
				2A0D22B519476A22003BCEC8 /* ofxUI2DGraph.h */,
				2A0D22B619476A22003BCEC8 /* ofxUI2DPad.h */,
				2A0D22B719476A22003BCEC8 /* ofxUIBaseDraws.h */,
				2A0D22B819476A22003BCEC8 /* ofxUIBiLabelSlider.h */,
				2A0D22B919476A22003BCEC8 /* ofxUIButton.h */,
				2A0D22BA19476A22003BCEC8 /* ofxUICanvas.h */,
				2A0D22BB19476A22003BCEC8 /* ofxUICircleSlider.h */,
				2A0D22BC19476A22003BCEC8 /* ofxUICustomImageButton.h */,
				2A0D22BD19476A22003BCEC8 /* ofxUIDropDownList.h */,
				2A0D22BE19476A22003BCEC8 /* ofxUIEventArgs.h */,
				2A0D22BF19476A22003BCEC8 /* ofxUIFPS.h */,
				2A0D22C019476A22003BCEC8 /* ofxUIFPSSlider.h */,
				2A0D22C119476A22003BCEC8 /* ofxUIImage.h */,
				2A0D22C219476A22003BCEC8 /* ofxUIImageButton.h */,
				2A0D22C319476A22003BCEC8 /* ofxUIImageSampler.h */,
				2A0D22C419476A22003BCEC8 /* ofxUIImageSlider.h */,
				2A0D22C519476A22003BCEC8 /* ofxUIImageToggle.h */,
				2A0D22C619476A22003BCEC8 /* ofxUIIntSlider.h */,
				2A0D22C719476A22003BCEC8 /* ofxUILabel.h */,
				2A0D22C819476A22003BCEC8 /* ofxUILabelButton.h */,
				2A0D22C919476A22003BCEC8 /* ofxUILabelToggle.h */,
				2A0D22CA19476A22003BCEC8 /* ofxUIMinimalSlider.h */,
				2A0D22CB19476A22003BCEC8 /* ofxUIMovingGraph.h */,
				2A0D22CC19476A22003BCEC8 /* ofxUIMultiImageButton.h */,
				2A0D22CD19476A22003BCEC8 /* ofxUIMultiImageSlider.h */,
				2A0D22CE19476A22003BCEC8 /* ofxUIMultiImageToggle.h */,
				2A0D22CF19476A22003BCEC8 /* ofxUINumberDialer.h */,
				2A0D22D019476A22003BCEC8 /* ofxUIOFWrapper.h */,
				2A0D22D119476A22003BCEC8 /* ofxUIRadio.h */,
				2A0D22D219476A22003BCEC8 /* ofxUIRangeSlider.h */,
				2A0D22D319476A22003BCEC8 /* ofxUIRectangle.h */,
				2A0D22D419476A22003BCEC8 /* ofxUIRotarySlider.h */,
				2A0D22D519476A22003BCEC8 /* ofxUIScrollableCanvas.h */,
				2A0D22D619476A22003BCEC8 /* ofxUISlider.h */,
				2A0D22D719476A22003BCEC8 /* ofxUISpacer.h */,
				2A0D22D819476A22003BCEC8 /* ofxUISpectrum.h */,
				2A0D22D919476A22003BCEC8 /* ofxUISuperCanvas.h */,
				2A0D22DA19476A22003BCEC8 /* ofxUITabBar.h */,
				2A0D22DB19476A22003BCEC8 /* ofxUITextArea.h */,
				2A0D22DC19476A22003BCEC8 /* ofxUITextInput.h */,
				2A0D22DD19476A22003BCEC8 /* ofxUIToggle.h */,
				2A0D22DE19476A22003BCEC8 /* ofxUIToggleMatrix.h */,
				2A0D22DF19476A22003BCEC8 /* ofxUIUtils.h */,
				2A0D22E019476A22003BCEC8 /* ofxUIValuePlotter.h */,
				2A0D22E119476A22003BCEC8 /* ofxUIWaveform.h */,
				2A0D22E219476A22003BCEC8 /* ofxUIWidget.h */,
				2A0D22E319476A22003BCEC8 /* ofxUIWidgetWithLabel.h */,
			);
			name = ofxUI;
			sourceTree = "<group>";
		};
		2A2BF7AF1959DD1600F28571 /* Visualization Strategies */ = {
			isa = PBXGroup;
			children = (
				2A40A7A8194D4BD1000F2EBB /* Strategy.h */,
				2A2FFDC6194E285600301EA1 /* AssociationCone.cpp */,
				2A2FFDC7194E285600301EA1 /* AssociationCone.h */,
				2A2FFDC3194E254300301EA1 /* FullConeStrategy.cpp */,
				2A2FFDC4194E254300301EA1 /* FullConeStrategy.h */,
			);
			name = "Visualization Strategies";
			sourceTree = "<group>";
		};
		2A2BF7B01959E07A00F28571 /* Visualization Elements */ = {
			isa = PBXGroup;
			children = (
				2ADC84E0197D20B300039FF0 /* Itemset.cpp */,
				2ADC84E1197D20B300039FF0 /* Itemset.h */,
				2A2BF7B11959E08800F28571 /* VizElement.cpp */,
				2A2BF7B21959E08800F28571 /* VizElement.h */,
			);
			name = "Visualization Elements";
			sourceTree = "<group>";
		};
		2A6DA7F8193A403B0099CEF8 /* Frameworks */ = {
			isa = PBXGroup;
			children = (
				2A6DA7F9193A403B0099CEF8 /* XCTest.framework */,
			);
			name = Frameworks;
			sourceTree = "<group>";
		};
		2A6DA7FB193A403B0099CEF8 /* ConeVizOSX Tests */ = {
			isa = PBXGroup;
			children = (
				2A6DA801193A403B0099CEF8 /* ConeVizOSX_Tests.m */,
				2A6DA7FC193A403B0099CEF8 /* Supporting Files */,
			);
			path = "ConeVizOSX Tests";
			sourceTree = "<group>";
		};
		2A6DA7FC193A403B0099CEF8 /* Supporting Files */ = {
			isa = PBXGroup;
			children = (
				2A6DA7FD193A403B0099CEF8 /* ConeVizOSX Tests-Info.plist */,
				2A6DA7FE193A403B0099CEF8 /* InfoPlist.strings */,
				2A6DA803193A403B0099CEF8 /* ConeVizOSX Tests-Prefix.pch */,
			);
			name = "Supporting Files";
			sourceTree = "<group>";
		};
		480A780D8D0308AE4A368801 /* ofxGui */ = {
			isa = PBXGroup;
			children = (
				A763ED608B35AE3310251DEE /* src */,
			);
			name = ofxGui;
			sourceTree = "<group>";
		};
		6E54289412D2D94F45A05113 /* libs */ = {
			isa = PBXGroup;
			children = (
				A5BDE67EB26ED929F9592A5F /* tinyxml.cpp */,
				AB8789BB3ED7EFB9218A8AC8 /* tinyxml.h */,
				74D8DD9C9A78173056DAAEC7 /* tinyxmlerror.cpp */,
				E6BF806373C37F9033851016 /* tinyxmlparser.cpp */,
			);
			name = libs;
			sourceTree = "<group>";
		};
		6ECEF0D76BC33727823EADFF /* src */ = {
			isa = PBXGroup;
			children = (
				B510FEA32DA3C7F58C16FAD7 /* ofxXmlSettings.cpp */,
				817E8E1F62728ADE5B1E6E51 /* ofxXmlSettings.h */,
			);
			name = src;
			sourceTree = "<group>";
		};
		A763ED608B35AE3310251DEE /* src */ = {
			isa = PBXGroup;
			children = (
				6B8CFAEAC0CF8932FB9DB320 /* ofxBaseGui.cpp */,
				331EA70BD75988D7F5C478DD /* ofxBaseGui.h */,
				63256244EACC1C82F19ED0D2 /* ofxButton.cpp */,
				282EED1CEC916664BDB1F25D /* ofxButton.h */,
				D0191E06B53ADAFBDAD2931D /* ofxGui.h */,
				6B6F5A1D014D2615F3CB45C7 /* ofxGuiGroup.cpp */,
				F11353757B989A3B84852A30 /* ofxGuiGroup.h */,
				DC194728DB08A0D450E098C7 /* ofxLabel.cpp */,
				EA8C63DF99D0A9DD9469E90C /* ofxLabel.h */,
				9CA209607CA238C34FA82F34 /* ofxPanel.cpp */,
				F7B9429C1EF4986FA9C8551E /* ofxPanel.h */,
				572ABA7894BC39F7AFE24756 /* ofxSlider.cpp */,
				8909330FCE1409E2576261BA /* ofxSlider.h */,
				66F2939F6553982FF0283E90 /* ofxSliderGroup.cpp */,
				C6BE49B16BB8A792C5CF78F8 /* ofxSliderGroup.h */,
				CE8835591B3B7E9C5B01C20F /* ofxToggle.cpp */,
				882FD8A6481CE1B87CA10111 /* ofxToggle.h */,
			);
			name = src;
			sourceTree = "<group>";
		};
		BB4B014C10F69532006C3DED /* addons */ = {
			isa = PBXGroup;
			children = (
				2A0D22B319476A0A003BCEC8 /* ofxUI */,
				480A780D8D0308AE4A368801 /* ofxGui */,
				1F4FB5C423662B96ADFDCC0B /* ofxXmlSettings */,
			);
			name = addons;
			sourceTree = "<group>";
		};
		BBAB23C913894ECA00AA2426 /* system frameworks */ = {
			isa = PBXGroup;
			children = (
				E7F985F515E0DE99003869B5 /* Accelerate.framework */,
				E4C2424410CC5A17004149E2 /* AppKit.framework */,
				E4C2424510CC5A17004149E2 /* Cocoa.framework */,
				E4C2424610CC5A17004149E2 /* IOKit.framework */,
				E45BE9710E8CC7DD009D7055 /* AGL.framework */,
				E45BE9720E8CC7DD009D7055 /* ApplicationServices.framework */,
				E45BE9730E8CC7DD009D7055 /* AudioToolbox.framework */,
				E45BE9750E8CC7DD009D7055 /* CoreAudio.framework */,
				E45BE9760E8CC7DD009D7055 /* CoreFoundation.framework */,
				E45BE9770E8CC7DD009D7055 /* CoreServices.framework */,
				E45BE9790E8CC7DD009D7055 /* OpenGL.framework */,
				E45BE97A0E8CC7DD009D7055 /* QuickTime.framework */,
				E7E077E415D3B63C0020DFD4 /* CoreVideo.framework */,
				E7E077E715D3B6510020DFD4 /* QTKit.framework */,
			);
			name = "system frameworks";
			sourceTree = "<group>";
		};
		BBAB23CA13894EDB00AA2426 /* 3rd party frameworks */ = {
			isa = PBXGroup;
			children = (
				BBAB23BE13894E4700AA2426 /* GLUT.framework */,
			);
			name = "3rd party frameworks";
			sourceTree = "<group>";
		};
		E4328144138ABC890047C5CB /* Products */ = {
			isa = PBXGroup;
			children = (
				E4328148138ABC890047C5CB /* openFrameworksDebug.a */,
			);
			name = Products;
			sourceTree = "<group>";
		};
		E45BE5980E8CC70C009D7055 /* frameworks */ = {
			isa = PBXGroup;
			children = (
				BBAB23CA13894EDB00AA2426 /* 3rd party frameworks */,
				BBAB23C913894ECA00AA2426 /* system frameworks */,
			);
			name = frameworks;
			sourceTree = "<group>";
		};
		E4B69B4A0A3A1720003C02F2 = {
			isa = PBXGroup;
			children = (
				E4B6FCAD0C3E899E008CF71C /* openFrameworks-Info.plist */,
				E4EB6923138AFD0F00A09F29 /* Project.xcconfig */,
				E4B69E1C0A3A1BDC003C02F2 /* src */,
				E4EEC9E9138DF44700A80321 /* openFrameworks */,
				BB4B014C10F69532006C3DED /* addons */,
				E45BE5980E8CC70C009D7055 /* frameworks */,
				E4B69B5B0A3A1756003C02F2 /* ConeVizOSXDebug.app */,
				2A6DA7FB193A403B0099CEF8 /* ConeVizOSX Tests */,
				2A6DA7F8193A403B0099CEF8 /* Frameworks */,
				2A34046C194644AA00E8D72B /* ConeVizOSX Tests.xctest */,
			);
			sourceTree = "<group>";
		};
		E4B69E1C0A3A1BDC003C02F2 /* src */ = {
			isa = PBXGroup;
			children = (
				2A2BF7B01959E07A00F28571 /* Visualization Elements */,
				2A2BF7AF1959DD1600F28571 /* Visualization Strategies */,
				E4B69E1D0A3A1BDC003C02F2 /* main.cpp */,
				E4B69E1E0A3A1BDC003C02F2 /* ofApp.cpp */,
				E4B69E1F0A3A1BDC003C02F2 /* ofApp.h */,
				2ABBCD3F193E1F6C000A74B3 /* DataParser.cpp */,
				2ABBCD40193E1F6C000A74B3 /* DataParser.h */,
			);
			path = src;
			sourceTree = SOURCE_ROOT;
		};
		E4EEC9E9138DF44700A80321 /* openFrameworks */ = {
			isa = PBXGroup;
			children = (
				E4EB691F138AFCF100A09F29 /* CoreOF.xcconfig */,
				E4328143138ABC890047C5CB /* openFrameworksLib.xcodeproj */,
			);
			name = openFrameworks;
			sourceTree = "<group>";
		};
/* End PBXGroup section */

/* Begin PBXNativeTarget section */
		2A6DA7F6193A403B0099CEF8 /* ConeVizOSX Tests */ = {
			isa = PBXNativeTarget;
			buildConfigurationList = 2A6DA806193A403B0099CEF8 /* Build configuration list for PBXNativeTarget "ConeVizOSX Tests" */;
			buildPhases = (
				2A6DA7F3193A403B0099CEF8 /* Sources */,
				2A6DA7F4193A403B0099CEF8 /* Frameworks */,
				2A6DA7F5193A403B0099CEF8 /* Resources */,
			);
			buildRules = (
			);
			dependencies = (
				2A6DA805193A403B0099CEF8 /* PBXTargetDependency */,
			);
			name = "ConeVizOSX Tests";
			productName = "ConeVizOSX Tests";
			productReference = 2A34046C194644AA00E8D72B /* ConeVizOSX Tests.xctest */;
			productType = "com.apple.product-type.bundle.unit-test";
		};
		E4B69B5A0A3A1756003C02F2 /* ConeVizOSX */ = {
			isa = PBXNativeTarget;
			buildConfigurationList = E4B69B5F0A3A1757003C02F2 /* Build configuration list for PBXNativeTarget "ConeVizOSX" */;
			buildPhases = (
				E4B69B580A3A1756003C02F2 /* Sources */,
				E4B69B590A3A1756003C02F2 /* Frameworks */,
				E4B6FFFD0C3F9AB9008CF71C /* ShellScript */,
				E4C2427710CC5ABF004149E2 /* CopyFiles */,
			);
			buildRules = (
			);
			dependencies = (
				E4EEB9AC138B136A00A80321 /* PBXTargetDependency */,
			);
			name = ConeVizOSX;
			productName = myOFApp;
			productReference = E4B69B5B0A3A1756003C02F2 /* ConeVizOSXDebug.app */;
			productType = "com.apple.product-type.application";
		};
/* End PBXNativeTarget section */

/* Begin PBXProject section */
		E4B69B4C0A3A1720003C02F2 /* Project object */ = {
			isa = PBXProject;
			attributes = {
				LastUpgradeCheck = 0460;
				TargetAttributes = {
					2A6DA7F6193A403B0099CEF8 = {
						TestTargetID = E4B69B5A0A3A1756003C02F2;
					};
				};
			};
			buildConfigurationList = E4B69B4D0A3A1720003C02F2 /* Build configuration list for PBXProject "ConeVizOSX" */;
			compatibilityVersion = "Xcode 3.2";
			developmentRegion = English;
			hasScannedForEncodings = 0;
			knownRegions = (
				English,
				Japanese,
				French,
				German,
				en,
			);
			mainGroup = E4B69B4A0A3A1720003C02F2;
			productRefGroup = E4B69B4A0A3A1720003C02F2;
			projectDirPath = "";
			projectReferences = (
				{
					ProductGroup = E4328144138ABC890047C5CB /* Products */;
					ProjectRef = E4328143138ABC890047C5CB /* openFrameworksLib.xcodeproj */;
				},
			);
			projectRoot = "";
			targets = (
				E4B69B5A0A3A1756003C02F2 /* ConeVizOSX */,
				2A6DA7F6193A403B0099CEF8 /* ConeVizOSX Tests */,
			);
		};
/* End PBXProject section */

/* Begin PBXReferenceProxy section */
		E4328148138ABC890047C5CB /* openFrameworksDebug.a */ = {
			isa = PBXReferenceProxy;
			fileType = archive.ar;
			path = openFrameworksDebug.a;
			remoteRef = E4328147138ABC890047C5CB /* PBXContainerItemProxy */;
			sourceTree = BUILT_PRODUCTS_DIR;
		};
/* End PBXReferenceProxy section */

/* Begin PBXResourcesBuildPhase section */
		2A6DA7F5193A403B0099CEF8 /* Resources */ = {
			isa = PBXResourcesBuildPhase;
			buildActionMask = 2147483647;
			files = (
				2A6DA800193A403B0099CEF8 /* InfoPlist.strings in Resources */,
			);
			runOnlyForDeploymentPostprocessing = 0;
		};
/* End PBXResourcesBuildPhase section */

/* Begin PBXShellScriptBuildPhase section */
		E4B6FFFD0C3F9AB9008CF71C /* ShellScript */ = {
			isa = PBXShellScriptBuildPhase;
			buildActionMask = 2147483647;
			files = (
			);
			inputPaths = (
			);
			outputPaths = (
			);
			runOnlyForDeploymentPostprocessing = 0;
			shellPath = /bin/sh;
			shellScript = "cp -f ../OF_OS_X/libs/fmodex/lib/osx/libfmodex.dylib \"$TARGET_BUILD_DIR/$PRODUCT_NAME.app/Contents/MacOS/libfmodex.dylib\"; install_name_tool -change ./libfmodex.dylib @executable_path/libfmodex.dylib \"$TARGET_BUILD_DIR/$PRODUCT_NAME.app/Contents/MacOS/$PRODUCT_NAME\";\nmkdir -p \"$TARGET_BUILD_DIR/$PRODUCT_NAME.app/Contents/Resources/\"\ncp -f \"$ICON_FILE\" \"$TARGET_BUILD_DIR/$PRODUCT_NAME.app/Contents/Resources/\"\n";
		};
/* End PBXShellScriptBuildPhase section */

/* Begin PBXSourcesBuildPhase section */
		2A6DA7F3193A403B0099CEF8 /* Sources */ = {
			isa = PBXSourcesBuildPhase;
			buildActionMask = 2147483647;
			files = (
				2ABBCD42193E1F6C000A74B3 /* DataParser.cpp in Sources */,
				2A6DA802193A403B0099CEF8 /* ConeVizOSX_Tests.m in Sources */,
			);
			runOnlyForDeploymentPostprocessing = 0;
		};
		E4B69B580A3A1756003C02F2 /* Sources */ = {
			isa = PBXSourcesBuildPhase;
			buildActionMask = 2147483647;
			files = (
				2A2FFDC5194E254300301EA1 /* FullConeStrategy.cpp in Sources */,
				E4B69E200A3A1BDC003C02F2 /* main.cpp in Sources */,
				E4B69E210A3A1BDC003C02F2 /* ofApp.cpp in Sources */,
				0DC1CF18A3F90F627BA3E437 /* ofxBaseGui.cpp in Sources */,
				2A2FFDC8194E285600301EA1 /* AssociationCone.cpp in Sources */,
				FC1FCE097F7B7A03366E8F30 /* ofxButton.cpp in Sources */,
				2ABBCD41193E1F6C000A74B3 /* DataParser.cpp in Sources */,
				2ADC84E2197D20B300039FF0 /* Itemset.cpp in Sources */,
				7203B1EAA4DF1CECD791B1ED /* ofxGuiGroup.cpp in Sources */,
				42CF6FD907F23C302C140C66 /* ofxLabel.cpp in Sources */,
				B005745B175965617EB22C83 /* ofxPanel.cpp in Sources */,
				B08E91128721BE6CADCB5E66 /* ofxSlider.cpp in Sources */,
				D1A71DE6DDA700717A553096 /* ofxSliderGroup.cpp in Sources */,
				2A2BF7B31959E08800F28571 /* VizElement.cpp in Sources */,
				78D8E4B5788E32E7A57546BA /* ofxToggle.cpp in Sources */,
				D9E1C0817BEE36EB5F6CAA1E /* ofxXmlSettings.cpp in Sources */,
				94EF1894EA56BC98AC447B8C /* tinyxml.cpp in Sources */,
				0C0EAEF34D9CCACB4FF3628E /* tinyxmlerror.cpp in Sources */,
				745D9EA0809F01B67E3FD3B5 /* tinyxmlparser.cpp in Sources */,
			);
			runOnlyForDeploymentPostprocessing = 0;
		};
/* End PBXSourcesBuildPhase section */

/* Begin PBXTargetDependency section */
		2A6DA805193A403B0099CEF8 /* PBXTargetDependency */ = {
			isa = PBXTargetDependency;
			target = E4B69B5A0A3A1756003C02F2 /* ConeVizOSX */;
			targetProxy = 2A6DA804193A403B0099CEF8 /* PBXContainerItemProxy */;
		};
		E4EEB9AC138B136A00A80321 /* PBXTargetDependency */ = {
			isa = PBXTargetDependency;
			name = openFrameworks;
			targetProxy = E4EEB9AB138B136A00A80321 /* PBXContainerItemProxy */;
		};
/* End PBXTargetDependency section */

/* Begin PBXVariantGroup section */
		2A6DA7FE193A403B0099CEF8 /* InfoPlist.strings */ = {
			isa = PBXVariantGroup;
			children = (
				2A6DA7FF193A403B0099CEF8 /* en */,
			);
			name = InfoPlist.strings;
			sourceTree = "<group>";
		};
/* End PBXVariantGroup section */

/* Begin XCBuildConfiguration section */
		2A6DA807193A403B0099CEF8 /* Debug */ = {
			isa = XCBuildConfiguration;
			buildSettings = {
				ALWAYS_SEARCH_USER_PATHS = NO;
				BUNDLE_LOADER = "$(BUILT_PRODUCTS_DIR)/ConeVizOSX.app/Contents/MacOS/ConeVizOSX";
				CLANG_CXX_LANGUAGE_STANDARD = "gnu++0x";
				CLANG_CXX_LIBRARY = "libc++";
				CLANG_ENABLE_MODULES = YES;
				CLANG_ENABLE_OBJC_ARC = YES;
				CLANG_WARN_BOOL_CONVERSION = YES;
				CLANG_WARN_CONSTANT_CONVERSION = YES;
				CLANG_WARN_DIRECT_OBJC_ISA_USAGE = YES_ERROR;
				CLANG_WARN_EMPTY_BODY = YES;
				CLANG_WARN_ENUM_CONVERSION = YES;
				CLANG_WARN_INT_CONVERSION = YES;
				CLANG_WARN_OBJC_ROOT_CLASS = YES_ERROR;
				CLANG_WARN__DUPLICATE_METHOD_MATCH = YES;
				FRAMEWORK_SEARCH_PATHS = (
					"$(DEVELOPER_FRAMEWORKS_DIR)",
					"$(inherited)",
				);
				GCC_C_LANGUAGE_STANDARD = gnu99;
				GCC_DYNAMIC_NO_PIC = NO;
				GCC_ENABLE_OBJC_EXCEPTIONS = YES;
				GCC_PRECOMPILE_PREFIX_HEADER = YES;
				GCC_PREFIX_HEADER = "ConeVizOSX Tests/ConeVizOSX Tests-Prefix.pch";
				GCC_PREPROCESSOR_DEFINITIONS = (
					"DEBUG=1",
					"$(inherited)",
				);
				GCC_WARN_64_TO_32_BIT_CONVERSION = YES;
				GCC_WARN_ABOUT_RETURN_TYPE = YES_ERROR;
				GCC_WARN_UNDECLARED_SELECTOR = YES;
				GCC_WARN_UNINITIALIZED_AUTOS = YES_AGGRESSIVE;
				GCC_WARN_UNUSED_FUNCTION = YES;
				GCC_WARN_UNUSED_VARIABLE = YES;
				INFOPLIST_FILE = "ConeVizOSX Tests/ConeVizOSX Tests-Info.plist";
				MACOSX_DEPLOYMENT_TARGET = 10.9;
				ONLY_ACTIVE_ARCH = YES;
				PRODUCT_NAME = "$(TARGET_NAME)";
				TEST_HOST = "$(BUNDLE_LOADER)";
				WRAPPER_EXTENSION = xctest;
			};
			name = Debug;
		};
		2A6DA808193A403B0099CEF8 /* Release */ = {
			isa = XCBuildConfiguration;
			buildSettings = {
				ALWAYS_SEARCH_USER_PATHS = NO;
				BUNDLE_LOADER = "$(BUILT_PRODUCTS_DIR)/ConeVizOSX.app/Contents/MacOS/ConeVizOSX";
				CLANG_CXX_LANGUAGE_STANDARD = "gnu++0x";
				CLANG_CXX_LIBRARY = "libc++";
				CLANG_ENABLE_MODULES = YES;
				CLANG_ENABLE_OBJC_ARC = YES;
				CLANG_WARN_BOOL_CONVERSION = YES;
				CLANG_WARN_CONSTANT_CONVERSION = YES;
				CLANG_WARN_DIRECT_OBJC_ISA_USAGE = YES_ERROR;
				CLANG_WARN_EMPTY_BODY = YES;
				CLANG_WARN_ENUM_CONVERSION = YES;
				CLANG_WARN_INT_CONVERSION = YES;
				CLANG_WARN_OBJC_ROOT_CLASS = YES_ERROR;
				CLANG_WARN__DUPLICATE_METHOD_MATCH = YES;
				DEBUG_INFORMATION_FORMAT = "dwarf-with-dsym";
				ENABLE_NS_ASSERTIONS = NO;
				FRAMEWORK_SEARCH_PATHS = (
					"$(DEVELOPER_FRAMEWORKS_DIR)",
					"$(inherited)",
				);
				GCC_C_LANGUAGE_STANDARD = gnu99;
				GCC_ENABLE_OBJC_EXCEPTIONS = YES;
				GCC_PRECOMPILE_PREFIX_HEADER = YES;
				GCC_PREFIX_HEADER = "ConeVizOSX Tests/ConeVizOSX Tests-Prefix.pch";
				GCC_WARN_64_TO_32_BIT_CONVERSION = YES;
				GCC_WARN_ABOUT_RETURN_TYPE = YES_ERROR;
				GCC_WARN_UNDECLARED_SELECTOR = YES;
				GCC_WARN_UNINITIALIZED_AUTOS = YES_AGGRESSIVE;
				GCC_WARN_UNUSED_FUNCTION = YES;
				GCC_WARN_UNUSED_VARIABLE = YES;
				INFOPLIST_FILE = "ConeVizOSX Tests/ConeVizOSX Tests-Info.plist";
				MACOSX_DEPLOYMENT_TARGET = 10.9;
				PRODUCT_NAME = "$(TARGET_NAME)";
				TEST_HOST = "$(BUNDLE_LOADER)";
				WRAPPER_EXTENSION = xctest;
			};
			name = Release;
		};
		E4B69B4E0A3A1720003C02F2 /* Debug */ = {
			isa = XCBuildConfiguration;
			baseConfigurationReference = E4EB6923138AFD0F00A09F29 /* Project.xcconfig */;
			buildSettings = {
				ARCHS = "$(NATIVE_ARCH)";
				CONFIGURATION_BUILD_DIR = "$(SRCROOT)/bin/";
				COPY_PHASE_STRIP = NO;
				DEAD_CODE_STRIPPING = YES;
				GCC_AUTO_VECTORIZATION = YES;
				GCC_ENABLE_SSE3_EXTENSIONS = YES;
				GCC_ENABLE_SUPPLEMENTAL_SSE3_INSTRUCTIONS = YES;
				GCC_INLINES_ARE_PRIVATE_EXTERN = NO;
				GCC_OPTIMIZATION_LEVEL = 0;
				GCC_SYMBOLS_PRIVATE_EXTERN = NO;
				GCC_WARN_ABOUT_DEPRECATED_FUNCTIONS = YES;
				GCC_WARN_ABOUT_INVALID_OFFSETOF_MACRO = NO;
				GCC_WARN_ALLOW_INCOMPLETE_PROTOCOL = NO;
				GCC_WARN_UNINITIALIZED_AUTOS = NO;
				GCC_WARN_UNUSED_VALUE = NO;
				GCC_WARN_UNUSED_VARIABLE = NO;
				HEADER_SEARCH_PATHS = (
					"$(OF_CORE_HEADERS)",
					../OF_OS_X/addons/ofxGui/libs,
					../OF_OS_X/addons/ofxGui/src,
					../OF_OS_X/addons/ofxXmlSettings/libs,
					../OF_OS_X/addons/ofxXmlSettings/src,
					../OF_OS_X/addons/ofxUI/libs,
					../OF_OS_X/addons/ofxUI/src,
				);
				MACOSX_DEPLOYMENT_TARGET = 10.6;
				OTHER_CPLUSPLUSFLAGS = (
					"-D__MACOSX_CORE__",
					"-lpthread",
					"-mtune=native",
				);
				SDKROOT = macosx;
			};
			name = Debug;
		};
		E4B69B4F0A3A1720003C02F2 /* Release */ = {
			isa = XCBuildConfiguration;
			baseConfigurationReference = E4EB6923138AFD0F00A09F29 /* Project.xcconfig */;
			buildSettings = {
				ARCHS = "$(NATIVE_ARCH)";
				CONFIGURATION_BUILD_DIR = "$(SRCROOT)/bin/";
				COPY_PHASE_STRIP = YES;
				DEAD_CODE_STRIPPING = YES;
				GCC_AUTO_VECTORIZATION = YES;
				GCC_ENABLE_SSE3_EXTENSIONS = YES;
				GCC_ENABLE_SUPPLEMENTAL_SSE3_INSTRUCTIONS = YES;
				GCC_INLINES_ARE_PRIVATE_EXTERN = NO;
				GCC_OPTIMIZATION_LEVEL = 3;
				GCC_SYMBOLS_PRIVATE_EXTERN = NO;
				GCC_UNROLL_LOOPS = YES;
				GCC_WARN_ABOUT_DEPRECATED_FUNCTIONS = YES;
				GCC_WARN_ABOUT_INVALID_OFFSETOF_MACRO = NO;
				GCC_WARN_ALLOW_INCOMPLETE_PROTOCOL = NO;
				GCC_WARN_UNINITIALIZED_AUTOS = NO;
				GCC_WARN_UNUSED_VALUE = NO;
				GCC_WARN_UNUSED_VARIABLE = NO;
				HEADER_SEARCH_PATHS = (
					"$(OF_CORE_HEADERS)",
					../OF_OS_X/addons/ofxGui/libs,
					../OF_OS_X/addons/ofxGui/src,
					../OF_OS_X/addons/ofxXmlSettings/libs,
					../OF_OS_X/addons/ofxXmlSettings/src,
					../OF_OS_X/addons/ofxUI/libs,
					../OF_OS_X/addons/ofxUI/src,
				);
				MACOSX_DEPLOYMENT_TARGET = 10.6;
				OTHER_CPLUSPLUSFLAGS = (
					"-D__MACOSX_CORE__",
					"-lpthread",
					"-mtune=native",
				);
				SDKROOT = macosx;
			};
			name = Release;
		};
		E4B69B600A3A1757003C02F2 /* Debug */ = {
			isa = XCBuildConfiguration;
			buildSettings = {
				COMBINE_HIDPI_IMAGES = YES;
				COPY_PHASE_STRIP = NO;
				FRAMEWORK_SEARCH_PATHS = (
					"$(inherited)",
					"$(FRAMEWORK_SEARCH_PATHS_QUOTED_FOR_TARGET_1)",
				);
				FRAMEWORK_SEARCH_PATHS_QUOTED_FOR_TARGET_1 = "\"$(SRCROOT)/../OF_OS_X/libs/glut/lib/osx\"";
				GCC_DYNAMIC_NO_PIC = NO;
				GCC_GENERATE_DEBUGGING_SYMBOLS = YES;
				GCC_MODEL_TUNING = NONE;
				ICON = "$(ICON_NAME_DEBUG)";
				ICON_FILE = "$(ICON_FILE_PATH)$(ICON)";
				INFOPLIST_FILE = "openFrameworks-Info.plist";
				INSTALL_PATH = "$(HOME)/Applications";
				LD_NO_PIE = NO;
				LIBRARY_SEARCH_PATHS = (
					"$(inherited)",
					"$(LIBRARY_SEARCH_PATHS_QUOTED_FOR_TARGET_1)",
					"$(LIBRARY_SEARCH_PATHS_QUOTED_FOR_TARGET_2)",
					"$(LIBRARY_SEARCH_PATHS_QUOTED_FOR_TARGET_3)",
					"$(LIBRARY_SEARCH_PATHS_QUOTED_FOR_TARGET_4)",
					"$(LIBRARY_SEARCH_PATHS_QUOTED_FOR_TARGET_5)",
					"$(LIBRARY_SEARCH_PATHS_QUOTED_FOR_TARGET_6)",
					"$(LIBRARY_SEARCH_PATHS_QUOTED_FOR_TARGET_7)",
					"$(LIBRARY_SEARCH_PATHS_QUOTED_FOR_TARGET_8)",
					"$(LIBRARY_SEARCH_PATHS_QUOTED_FOR_TARGET_9)",
					"$(LIBRARY_SEARCH_PATHS_QUOTED_FOR_TARGET_10)",
					"$(LIBRARY_SEARCH_PATHS_QUOTED_FOR_TARGET_11)",
					"$(LIBRARY_SEARCH_PATHS_QUOTED_FOR_TARGET_12)",
					"$(LIBRARY_SEARCH_PATHS_QUOTED_FOR_TARGET_13)",
					"$(LIBRARY_SEARCH_PATHS_QUOTED_FOR_TARGET_14)",
					"$(LIBRARY_SEARCH_PATHS_QUOTED_FOR_TARGET_15)",
					"$(LIBRARY_SEARCH_PATHS_QUOTED_FOR_TARGET_2)",
					"$(LIBRARY_SEARCH_PATHS_QUOTED_FOR_TARGET_3)",
					"$(LIBRARY_SEARCH_PATHS_QUOTED_FOR_TARGET_7)",
					"$(LIBRARY_SEARCH_PATHS_QUOTED_FOR_TARGET_8)",
					"$(LIBRARY_SEARCH_PATHS_QUOTED_FOR_TARGET_9)",
					"$(LIBRARY_SEARCH_PATHS_QUOTED_FOR_TARGET_10)",
					"$(LIBRARY_SEARCH_PATHS_QUOTED_FOR_TARGET_11)",
					"$(LIBRARY_SEARCH_PATHS_QUOTED_FOR_TARGET_12)",
					"$(LIBRARY_SEARCH_PATHS_QUOTED_FOR_TARGET_13)",
					"$(LIBRARY_SEARCH_PATHS_QUOTED_FOR_TARGET_16)",
					"$(LIBRARY_SEARCH_PATHS_QUOTED_FOR_TARGET_17)",
					"$(LIBRARY_SEARCH_PATHS_QUOTED_FOR_TARGET_18)",
					"$(LIBRARY_SEARCH_PATHS_QUOTED_FOR_TARGET_19)",
					"$(LIBRARY_SEARCH_PATHS_QUOTED_FOR_TARGET_20)",
					"$(LIBRARY_SEARCH_PATHS_QUOTED_FOR_TARGET_21)",
					"$(LIBRARY_SEARCH_PATHS_QUOTED_FOR_TARGET_22)",
					"$(LIBRARY_SEARCH_PATHS_QUOTED_FOR_TARGET_23)",
					"$(LIBRARY_SEARCH_PATHS_QUOTED_FOR_TARGET_24)",
					"$(LIBRARY_SEARCH_PATHS_QUOTED_FOR_TARGET_25)",
					"$(LIBRARY_SEARCH_PATHS_QUOTED_FOR_TARGET_26)",
					"$(LIBRARY_SEARCH_PATHS_QUOTED_FOR_TARGET_27)",
					"$(LIBRARY_SEARCH_PATHS_QUOTED_FOR_TARGET_28)",
					"$(LIBRARY_SEARCH_PATHS_QUOTED_FOR_TARGET_29)",
					"$(LIBRARY_SEARCH_PATHS_QUOTED_FOR_TARGET_30)",
					"$(LIBRARY_SEARCH_PATHS_QUOTED_FOR_TARGET_31)",
					"$(LIBRARY_SEARCH_PATHS_QUOTED_FOR_TARGET_32)",
					"$(LIBRARY_SEARCH_PATHS_QUOTED_FOR_TARGET_33)",
					"$(LIBRARY_SEARCH_PATHS_QUOTED_FOR_TARGET_34)",
					"$(LIBRARY_SEARCH_PATHS_QUOTED_FOR_TARGET_35)",
					"$(LIBRARY_SEARCH_PATHS_QUOTED_FOR_TARGET_36)",
					"$(LIBRARY_SEARCH_PATHS_QUOTED_FOR_TARGET_37)",
					"$(LIBRARY_SEARCH_PATHS_QUOTED_FOR_TARGET_38)",
					"$(LIBRARY_SEARCH_PATHS_QUOTED_FOR_TARGET_39)",
					"$(LIBRARY_SEARCH_PATHS_QUOTED_FOR_TARGET_40)",
					"$(LIBRARY_SEARCH_PATHS_QUOTED_FOR_TARGET_41)",
					"$(LIBRARY_SEARCH_PATHS_QUOTED_FOR_TARGET_42)",
					"$(LIBRARY_SEARCH_PATHS_QUOTED_FOR_TARGET_43)",
					"$(LIBRARY_SEARCH_PATHS_QUOTED_FOR_TARGET_44)",
					"$(LIBRARY_SEARCH_PATHS_QUOTED_FOR_TARGET_45)",
					"$(LIBRARY_SEARCH_PATHS_QUOTED_FOR_TARGET_46)",
					"$(LIBRARY_SEARCH_PATHS_QUOTED_FOR_TARGET_47)",
					"$(LIBRARY_SEARCH_PATHS_QUOTED_FOR_TARGET_48)",
					"$(LIBRARY_SEARCH_PATHS_QUOTED_FOR_TARGET_49)",
					"$(LIBRARY_SEARCH_PATHS_QUOTED_FOR_TARGET_50)",
					"$(LIBRARY_SEARCH_PATHS_QUOTED_FOR_TARGET_51)",
					"$(LIBRARY_SEARCH_PATHS_QUOTED_FOR_TARGET_52)",
				);
				PRODUCT_NAME = "$(TARGET_NAME)Debug";
				WRAPPER_EXTENSION = app;
			};
			name = Debug;
		};
		E4B69B610A3A1757003C02F2 /* Release */ = {
			isa = XCBuildConfiguration;
			buildSettings = {
				COMBINE_HIDPI_IMAGES = YES;
				COPY_PHASE_STRIP = YES;
				FRAMEWORK_SEARCH_PATHS = (
					"$(inherited)",
					"$(FRAMEWORK_SEARCH_PATHS_QUOTED_FOR_TARGET_1)",
				);
				FRAMEWORK_SEARCH_PATHS_QUOTED_FOR_TARGET_1 = "\"$(SRCROOT)/../OF_OS_X/libs/glut/lib/osx\"";
				GCC_GENERATE_DEBUGGING_SYMBOLS = YES;
				GCC_MODEL_TUNING = NONE;
				ICON = "$(ICON_NAME_RELEASE)";
				ICON_FILE = "$(ICON_FILE_PATH)$(ICON)";
				INFOPLIST_FILE = "openFrameworks-Info.plist";
				INSTALL_PATH = "$(HOME)/Applications";
				LD_NO_PIE = NO;
				LIBRARY_SEARCH_PATHS = (
					"$(inherited)",
					"$(LIBRARY_SEARCH_PATHS_QUOTED_FOR_TARGET_1)",
					"$(LIBRARY_SEARCH_PATHS_QUOTED_FOR_TARGET_2)",
					"$(LIBRARY_SEARCH_PATHS_QUOTED_FOR_TARGET_3)",
					"$(LIBRARY_SEARCH_PATHS_QUOTED_FOR_TARGET_4)",
					"$(LIBRARY_SEARCH_PATHS_QUOTED_FOR_TARGET_5)",
					"$(LIBRARY_SEARCH_PATHS_QUOTED_FOR_TARGET_6)",
					"$(LIBRARY_SEARCH_PATHS_QUOTED_FOR_TARGET_7)",
					"$(LIBRARY_SEARCH_PATHS_QUOTED_FOR_TARGET_8)",
					"$(LIBRARY_SEARCH_PATHS_QUOTED_FOR_TARGET_9)",
					"$(LIBRARY_SEARCH_PATHS_QUOTED_FOR_TARGET_10)",
					"$(LIBRARY_SEARCH_PATHS_QUOTED_FOR_TARGET_11)",
					"$(LIBRARY_SEARCH_PATHS_QUOTED_FOR_TARGET_12)",
					"$(LIBRARY_SEARCH_PATHS_QUOTED_FOR_TARGET_13)",
					"$(LIBRARY_SEARCH_PATHS_QUOTED_FOR_TARGET_14)",
					"$(LIBRARY_SEARCH_PATHS_QUOTED_FOR_TARGET_15)",
					"$(LIBRARY_SEARCH_PATHS_QUOTED_FOR_TARGET_2)",
					"$(LIBRARY_SEARCH_PATHS_QUOTED_1)",
					"$(LIBRARY_SEARCH_PATHS_QUOTED_FOR_TARGET_3)",
					"$(LIBRARY_SEARCH_PATHS_QUOTED_FOR_TARGET_7)",
					"$(LIBRARY_SEARCH_PATHS_QUOTED_FOR_TARGET_8)",
					"$(LIBRARY_SEARCH_PATHS_QUOTED_FOR_TARGET_9)",
					"$(LIBRARY_SEARCH_PATHS_QUOTED_FOR_TARGET_10)",
					"$(LIBRARY_SEARCH_PATHS_QUOTED_FOR_TARGET_11)",
					"$(LIBRARY_SEARCH_PATHS_QUOTED_FOR_TARGET_12)",
					"$(LIBRARY_SEARCH_PATHS_QUOTED_FOR_TARGET_13)",
					"$(LIBRARY_SEARCH_PATHS_QUOTED_FOR_TARGET_16)",
					"$(LIBRARY_SEARCH_PATHS_QUOTED_FOR_TARGET_17)",
					"$(LIBRARY_SEARCH_PATHS_QUOTED_FOR_TARGET_18)",
					"$(LIBRARY_SEARCH_PATHS_QUOTED_FOR_TARGET_19)",
					"$(LIBRARY_SEARCH_PATHS_QUOTED_FOR_TARGET_20)",
					"$(LIBRARY_SEARCH_PATHS_QUOTED_FOR_TARGET_21)",
					"$(LIBRARY_SEARCH_PATHS_QUOTED_FOR_TARGET_22)",
					"$(LIBRARY_SEARCH_PATHS_QUOTED_FOR_TARGET_23)",
					"$(LIBRARY_SEARCH_PATHS_QUOTED_FOR_TARGET_24)",
					"$(LIBRARY_SEARCH_PATHS_QUOTED_FOR_TARGET_25)",
					"$(LIBRARY_SEARCH_PATHS_QUOTED_FOR_TARGET_26)",
					"$(LIBRARY_SEARCH_PATHS_QUOTED_FOR_TARGET_27)",
					"$(LIBRARY_SEARCH_PATHS_QUOTED_FOR_TARGET_28)",
					"$(LIBRARY_SEARCH_PATHS_QUOTED_FOR_TARGET_29)",
					"$(LIBRARY_SEARCH_PATHS_QUOTED_FOR_TARGET_30)",
					"$(LIBRARY_SEARCH_PATHS_QUOTED_FOR_TARGET_31)",
					"$(LIBRARY_SEARCH_PATHS_QUOTED_FOR_TARGET_32)",
					"$(LIBRARY_SEARCH_PATHS_QUOTED_FOR_TARGET_33)",
					"$(LIBRARY_SEARCH_PATHS_QUOTED_FOR_TARGET_34)",
					"$(LIBRARY_SEARCH_PATHS_QUOTED_FOR_TARGET_35)",
					"$(LIBRARY_SEARCH_PATHS_QUOTED_FOR_TARGET_36)",
					"$(LIBRARY_SEARCH_PATHS_QUOTED_FOR_TARGET_37)",
					"$(LIBRARY_SEARCH_PATHS_QUOTED_FOR_TARGET_38)",
					"$(LIBRARY_SEARCH_PATHS_QUOTED_FOR_TARGET_39)",
					"$(LIBRARY_SEARCH_PATHS_QUOTED_FOR_TARGET_40)",
					"$(LIBRARY_SEARCH_PATHS_QUOTED_FOR_TARGET_41)",
					"$(LIBRARY_SEARCH_PATHS_QUOTED_FOR_TARGET_42)",
					"$(LIBRARY_SEARCH_PATHS_QUOTED_FOR_TARGET_43)",
					"$(LIBRARY_SEARCH_PATHS_QUOTED_FOR_TARGET_44)",
					"$(LIBRARY_SEARCH_PATHS_QUOTED_FOR_TARGET_45)",
					"$(LIBRARY_SEARCH_PATHS_QUOTED_FOR_TARGET_46)",
					"$(LIBRARY_SEARCH_PATHS_QUOTED_FOR_TARGET_47)",
					"$(LIBRARY_SEARCH_PATHS_QUOTED_FOR_TARGET_48)",
					"$(LIBRARY_SEARCH_PATHS_QUOTED_FOR_TARGET_49)",
					"$(LIBRARY_SEARCH_PATHS_QUOTED_FOR_TARGET_50)",
					"$(LIBRARY_SEARCH_PATHS_QUOTED_FOR_TARGET_51)",
				);
				PRODUCT_NAME = "$(TARGET_NAME)";
				WRAPPER_EXTENSION = app;
			};
			name = Release;
		};
/* End XCBuildConfiguration section */

/* Begin XCConfigurationList section */
		2A6DA806193A403B0099CEF8 /* Build configuration list for PBXNativeTarget "ConeVizOSX Tests" */ = {
			isa = XCConfigurationList;
			buildConfigurations = (
				2A6DA807193A403B0099CEF8 /* Debug */,
				2A6DA808193A403B0099CEF8 /* Release */,
			);
			defaultConfigurationIsVisible = 0;
			defaultConfigurationName = Release;
		};
		E4B69B4D0A3A1720003C02F2 /* Build configuration list for PBXProject "ConeVizOSX" */ = {
			isa = XCConfigurationList;
			buildConfigurations = (
				E4B69B4E0A3A1720003C02F2 /* Debug */,
				E4B69B4F0A3A1720003C02F2 /* Release */,
			);
			defaultConfigurationIsVisible = 0;
			defaultConfigurationName = Release;
		};
		E4B69B5F0A3A1757003C02F2 /* Build configuration list for PBXNativeTarget "ConeVizOSX" */ = {
			isa = XCConfigurationList;
			buildConfigurations = (
				E4B69B600A3A1757003C02F2 /* Debug */,
				E4B69B610A3A1757003C02F2 /* Release */,
			);
			defaultConfigurationIsVisible = 0;
			defaultConfigurationName = Release;
		};
/* End XCConfigurationList section */
	};
	rootObject = E4B69B4C0A3A1720003C02F2 /* Project object */;
}
